PODS:
  - CryptoSwift (1.3.1)
  - PLOptionalExtension (0.1.1)
  - PLStringExtension (0.1.0):
    - CryptoSwift
    - PLOptionalExtension

DEPENDENCIES:
  - CryptoSwift
  - PLOptionalExtension
  - PLStringExtension (from `../`)

SPEC REPOS:
  trunk:
    - CryptoSwift
    - PLOptionalExtension

EXTERNAL SOURCES:
  PLStringExtension:
    :path: "../"

SPEC CHECKSUMS:
  CryptoSwift: f12f037f6d0fcd6d48c96db0071b653de64e6c4d
  PLOptionalExtension: c2124d1b8032c79bd45d02cbaee2ea4b397df578
  PLStringExtension: 290b3184ce121f64497f687135a43d8a7722b812

PODFILE CHECKSUM: 971c1b92f6ac2637367e121c3ae86f9c8d8982af

COCOAPODS: 1.9.1
